{
  "object": {
    "pins": [
      {
        "package": "ActiveLabel",
        "repositoryURL": "https://github.com/imodeveloperlab/ActiveLabel.swift",
        "state": {
          "branch": null,
          "revision": "ad145ba677be2f8e342033a1cadd8fee4059e017",
          "version": "1.1.7"
        }
      },
      {
        "package": "Cartography",
        "repositoryURL": "https://github.com/robb/Cartography",
        "state": {
          "branch": null,
          "revision": "b75197ea134f42b5feafb04b526b37eb1a41034b",
          "version": "4.0.0"
        }
      },
      {
        "package": "DSKit",
        "repositoryURL": "https://github.com/imodeveloperlab/dskit",
        "state": {
          "branch": "development",
          "revision": "bb0e3530a5b418b079f1edd354663500b1cf901f",
          "version": null
        }
      },
      {
        "package": "Fakery",
        "repositoryURL": "https://github.com/vadymmarkov/Fakery",
        "state": {
          "branch": null,
          "revision": "71cb3bf36a808534659d1248780c2bf3c4c4fc91",
          "version": "5.1.0"
        }
      },
      {
        "package": "HorizonCalendar",
        "repositoryURL": "https://github.com/airbnb/HorizonCalendar.git",
        "state": {
          "branch": null,
          "revision": "ab397dcca3c5c07a45661bcf2a914f427ce50a2f",
          "version": "1.14.0"
        }
      },
      {
        "package": "Kingfisher",
        "repositoryURL": "https://github.com/onevcat/Kingfisher",
        "state": {
          "branch": null,
          "revision": "be1a1acb283a702b99b630f586877ba02234b4cb",
          "version": "7.3.2"
        }
      }
    ]
  },
  "version": 1
}
